// !$*UTF8*$!
{
	archiveVersion = 1;
	classes = {
	};
	objectVersion = 50;
	objects = {

/* Begin PBXBuildFile section */
		8B7B7E1520A9B705008A2758 /* AppDelegate.swift in Sources */ = {isa = PBXBuildFile; fileRef = 8B7B7E1420A9B705008A2758 /* AppDelegate.swift */; };
		8B7B7E1720A9B705008A2758 /* ViewController.swift in Sources */ = {isa = PBXBuildFile; fileRef = 8B7B7E1620A9B705008A2758 /* ViewController.swift */; };
		8B7B7E1A20A9B705008A2758 /* Main.storyboard in Resources */ = {isa = PBXBuildFile; fileRef = 8B7B7E1820A9B705008A2758 /* Main.storyboard */; };
		8B7B7E1C20A9B708008A2758 /* Assets.xcassets in Resources */ = {isa = PBXBuildFile; fileRef = 8B7B7E1B20A9B708008A2758 /* Assets.xcassets */; };
		8B7B7E1F20A9B708008A2758 /* LaunchScreen.storyboard in Resources */ = {isa = PBXBuildFile; fileRef = 8B7B7E1D20A9B708008A2758 /* LaunchScreen.storyboard */; };
		8B7B7E2A20A9B709008A2758 /* profilePageTests.swift in Sources */ = {isa = PBXBuildFile; fileRef = 8B7B7E2920A9B709008A2758 /* profilePageTests.swift */; };
		8B7B7E3520A9B709008A2758 /* profilePageUITests.swift in Sources */ = {isa = PBXBuildFile; fileRef = 8B7B7E3420A9B709008A2758 /* profilePageUITests.swift */; };
/* End PBXBuildFile section */

/* Begin PBXContainerItemProxy section */
		8B7B7E2620A9B709008A2758 /* PBXContainerItemProxy */ = {
			isa = PBXContainerItemProxy;
			containerPortal = 8B7B7E0920A9B705008A2758 /* Project object */;
			proxyType = 1;
			remoteGlobalIDString = 8B7B7E1020A9B705008A2758;
			remoteInfo = profilePage;
		};
		8B7B7E3120A9B709008A2758 /* PBXContainerItemProxy */ = {
			isa = PBXContainerItemProxy;
			containerPortal = 8B7B7E0920A9B705008A2758 /* Project object */;
			proxyType = 1;
			remoteGlobalIDString = 8B7B7E1020A9B705008A2758;
			remoteInfo = profilePage;
		};
/* End PBXContainerItemProxy section */

/* Begin PBXFileReference section */
		8B7B7E1120A9B705008A2758 /* profilePage.app */ = {isa = PBXFileReference; explicitFileType = wrapper.application; includeInIndex = 0; path = profilePage.app; sourceTree = BUILT_PRODUCTS_DIR; };
		8B7B7E1420A9B705008A2758 /* AppDelegate.swift */ = {isa = PBXFileReference; lastKnownFileType = sourcecode.swift; path = AppDelegate.swift; sourceTree = "<group>"; };
		8B7B7E1620A9B705008A2758 /* ViewController.swift */ = {isa = PBXFileReference; lastKnownFileType = sourcecode.swift; path = ViewController.swift; sourceTree = "<group>"; };
		8B7B7E1920A9B705008A2758 /* Base */ = {isa = PBXFileReference; lastKnownFileType = file.storyboard; name = Base; path = Base.lproj/Main.storyboard; sourceTree = "<group>"; };
		8B7B7E1B20A9B708008A2758 /* Assets.xcassets */ = {isa = PBXFileReference; lastKnownFileType = folder.assetcatalog; path = Assets.xcassets; sourceTree = "<group>"; };
		8B7B7E1E20A9B708008A2758 /* Base */ = {isa = PBXFileReference; lastKnownFileType = file.storyboard; name = Base; path = Base.lproj/LaunchScreen.storyboard; sourceTree = "<group>"; };
		8B7B7E2020A9B708008A2758 /* Info.plist */ = {isa = PBXFileReference; lastKnownFileType = text.plist.xml; path = Info.plist; sourceTree = "<group>"; };
		8B7B7E2520A9B709008A2758 /* profilePageTests.xctest */ = {isa = PBXFileReference; explicitFileType = wrapper.cfbundle; includeInIndex = 0; path = profilePageTests.xctest; sourceTree = BUILT_PRODUCTS_DIR; };
		8B7B7E2920A9B709008A2758 /* profilePageTests.swift */ = {isa = PBXFileReference; lastKnownFileType = sourcecode.swift; path = profilePageTests.swift; sourceTree = "<group>"; };
		8B7B7E2B20A9B709008A2758 /* Info.plist */ = {isa = PBXFileReference; lastKnownFileType = text.plist.xml; path = Info.plist; sourceTree = "<group>"; };
		8B7B7E3020A9B709008A2758 /* profilePageUITests.xctest */ = {isa = PBXFileReference; explicitFileType = wrapper.cfbundle; includeInIndex = 0; path = profilePageUITests.xctest; sourceTree = BUILT_PRODUCTS_DIR; };
		8B7B7E3420A9B709008A2758 /* profilePageUITests.swift */ = {isa = PBXFileReference; lastKnownFileType = sourcecode.swift; path = profilePageUITests.swift; sourceTree = "<group>"; };
		8B7B7E3620A9B709008A2758 /* Info.plist */ = {isa = PBXFileReference; lastKnownFileType = text.plist.xml; path = Info.plist; sourceTree = "<group>"; };
/* End PBXFileReference section */

/* Begin PBXFrameworksBuildPhase section */
		8B7B7E0E20A9B705008A2758 /* Frameworks */ = {
			isa = PBXFrameworksBuildPhase;
			buildActionMask = 2147483647;
			files = (
			);
			runOnlyForDeploymentPostprocessing = 0;
		};
		8B7B7E2220A9B709008A2758 /* Frameworks */ = {
			isa = PBXFrameworksBuildPhase;
			buildActionMask = 2147483647;
			files = (
			);
			runOnlyForDeploymentPostprocessing = 0;
		};
		8B7B7E2D20A9B709008A2758 /* Frameworks */ = {
			isa = PBXFrameworksBuildPhase;
			buildActionMask = 2147483647;
			files = (
			);
			runOnlyForDeploymentPostprocessing = 0;
		};
/* End PBXFrameworksBuildPhase section */

/* Begin PBXGroup section */
		8B7B7E0820A9B705008A2758 = {
			isa = PBXGroup;
			children = (
				8B7B7E1320A9B705008A2758 /* profilePage */,
				8B7B7E2820A9B709008A2758 /* profilePageTests */,
				8B7B7E3320A9B709008A2758 /* profilePageUITests */,
				8B7B7E1220A9B705008A2758 /* Products */,
			);
			sourceTree = "<group>";
		};
		8B7B7E1220A9B705008A2758 /* Products */ = {
			isa = PBXGroup;
			children = (
				8B7B7E1120A9B705008A2758 /* profilePage.app */,
				8B7B7E2520A9B709008A2758 /* profilePageTests.xctest */,
				8B7B7E3020A9B709008A2758 /* profilePageUITests.xctest */,
			);
			name = Products;
			sourceTree = "<group>";
		};
		8B7B7E1320A9B705008A2758 /* profilePage */ = {
			isa = PBXGroup;
			children = (
				8B7B7E1420A9B705008A2758 /* AppDelegate.swift */,
				8B7B7E1620A9B705008A2758 /* ViewController.swift */,
				8B7B7E1820A9B705008A2758 /* Main.storyboard */,
				8B7B7E1B20A9B708008A2758 /* Assets.xcassets */,
				8B7B7E1D20A9B708008A2758 /* LaunchScreen.storyboard */,
				8B7B7E2020A9B708008A2758 /* Info.plist */,
			);
			path = profilePage;
			sourceTree = "<group>";
		};
		8B7B7E2820A9B709008A2758 /* profilePageTests */ = {
			isa = PBXGroup;
			children = (
				8B7B7E2920A9B709008A2758 /* profilePageTests.swift */,
				8B7B7E2B20A9B709008A2758 /* Info.plist */,
			);
			path = profilePageTests;
			sourceTree = "<group>";
		};
		8B7B7E3320A9B709008A2758 /* profilePageUITests */ = {
			isa = PBXGroup;
			children = (
				8B7B7E3420A9B709008A2758 /* profilePageUITests.swift */,
				8B7B7E3620A9B709008A2758 /* Info.plist */,
			);
			path = profilePageUITests;
			sourceTree = "<group>";
		};
/* End PBXGroup section */

/* Begin PBXNativeTarget section */
		8B7B7E1020A9B705008A2758 /* profilePage */ = {
			isa = PBXNativeTarget;
			buildConfigurationList = 8B7B7E3920A9B709008A2758 /* Build configuration list for PBXNativeTarget "profilePage" */;
			buildPhases = (
				8B7B7E0D20A9B705008A2758 /* Sources */,
				8B7B7E0E20A9B705008A2758 /* Frameworks */,
				8B7B7E0F20A9B705008A2758 /* Resources */,
			);
			buildRules = (
			);
			dependencies = (
			);
			name = profilePage;
			productName = profilePage;
			productReference = 8B7B7E1120A9B705008A2758 /* profilePage.app */;
			productType = "com.apple.product-type.application";
		};
		8B7B7E2420A9B709008A2758 /* profilePageTests */ = {
			isa = PBXNativeTarget;
			buildConfigurationList = 8B7B7E3C20A9B709008A2758 /* Build configuration list for PBXNativeTarget "profilePageTests" */;
			buildPhases = (
				8B7B7E2120A9B709008A2758 /* Sources */,
				8B7B7E2220A9B709008A2758 /* Frameworks */,
				8B7B7E2320A9B709008A2758 /* Resources */,
			);
			buildRules = (
			);
			dependencies = (
				8B7B7E2720A9B709008A2758 /* PBXTargetDependency */,
			);
			name = profilePageTests;
			productName = profilePageTests;
			productReference = 8B7B7E2520A9B709008A2758 /* profilePageTests.xctest */;
			productType = "com.apple.product-type.bundle.unit-test";
		};
		8B7B7E2F20A9B709008A2758 /* profilePageUITests */ = {
			isa = PBXNativeTarget;
			buildConfigurationList = 8B7B7E3F20A9B709008A2758 /* Build configuration list for PBXNativeTarget "profilePageUITests" */;
			buildPhases = (
				8B7B7E2C20A9B709008A2758 /* Sources */,
				8B7B7E2D20A9B709008A2758 /* Frameworks */,
				8B7B7E2E20A9B709008A2758 /* Resources */,
			);
			buildRules = (
			);
			dependencies = (
				8B7B7E3220A9B709008A2758 /* PBXTargetDependency */,
			);
			name = profilePageUITests;
			productName = profilePageUITests;
			productReference = 8B7B7E3020A9B709008A2758 /* profilePageUITests.xctest */;
			productType = "com.apple.product-type.bundle.ui-testing";
		};
/* End PBXNativeTarget section */

/* Begin PBXProject section */
		8B7B7E0920A9B705008A2758 /* Project object */ = {
			isa = PBXProject;
			attributes = {
				LastSwiftUpdateCheck = 0930;
				LastUpgradeCheck = 0930;
				ORGANIZATIONNAME = senovTech;
				TargetAttributes = {
					8B7B7E1020A9B705008A2758 = {
						CreatedOnToolsVersion = 9.3;
					};
					8B7B7E2420A9B709008A2758 = {
						CreatedOnToolsVersion = 9.3;
						TestTargetID = 8B7B7E1020A9B705008A2758;
					};
					8B7B7E2F20A9B709008A2758 = {
						CreatedOnToolsVersion = 9.3;
						TestTargetID = 8B7B7E1020A9B705008A2758;
					};
				};
			};
			buildConfigurationList = 8B7B7E0C20A9B705008A2758 /* Build configuration list for PBXProject "profilePage" */;
			compatibilityVersion = "Xcode 9.3";
			developmentRegion = en;
			hasScannedForEncodings = 0;
			knownRegions = (
				en,
				Base,
			);
			mainGroup = 8B7B7E0820A9B705008A2758;
			productRefGroup = 8B7B7E1220A9B705008A2758 /* Products */;
			projectDirPath = "";
			projectRoot = "";
			targets = (
				8B7B7E1020A9B705008A2758 /* profilePage */,
				8B7B7E2420A9B709008A2758 /* profilePageTests */,
				8B7B7E2F20A9B709008A2758 /* profilePageUITests */,
			);
		};
/* End PBXProject section */

/* Begin PBXResourcesBuildPhase section */
		8B7B7E0F20A9B705008A2758 /* Resources */ = {
			isa = PBXResourcesBuildPhase;
			buildActionMask = 2147483647;
			files = (
				8B7B7E1F20A9B708008A2758 /* LaunchScreen.storyboard in Resources */,
				8B7B7E1C20A9B708008A2758 /* Assets.xcassets in Resources */,
				8B7B7E1A20A9B705008A2758 /* Main.storyboard in Resources */,
			);
			runOnlyForDeploymentPostprocessing = 0;
		};
		8B7B7E2320A9B709008A2758 /* Resources */ = {
			isa = PBXResourcesBuildPhase;
			buildActionMask = 2147483647;
			files = (
			);
			runOnlyForDeploymentPostprocessing = 0;
		};
		8B7B7E2E20A9B709008A2758 /* Resources */ = {
			isa = PBXResourcesBuildPhase;
			buildActionMask = 2147483647;
			files = (
			);
			runOnlyForDeploymentPostprocessing = 0;
		};
/* End PBXResourcesBuildPhase section */

/* Begin PBXSourcesBuildPhase section */
		8B7B7E0D20A9B705008A2758 /* Sources */ = {
			isa = PBXSourcesBuildPhase;
			buildActionMask = 2147483647;
			files = (
				8B7B7E1720A9B705008A2758 /* ViewController.swift in Sources */,
				8B7B7E1520A9B705008A2758 /* AppDelegate.swift in Sources */,
			);
			runOnlyForDeploymentPostprocessing = 0;
		};
		8B7B7E2120A9B709008A2758 /* Sources */ = {
			isa = PBXSourcesBuildPhase;
			buildActionMask = 2147483647;
			files = (
				8B7B7E2A20A9B709008A2758 /* profilePageTests.swift in Sources */,
			);
			runOnlyForDeploymentPostprocessing = 0;
		};
		8B7B7E2C20A9B709008A2758 /* Sources */ = {
			isa = PBXSourcesBuildPhase;
			buildActionMask = 2147483647;
			files = (
				8B7B7E3520A9B709008A2758 /* profilePageUITests.swift in Sources */,
			);
			runOnlyForDeploymentPostprocessing = 0;
		};
/* End PBXSourcesBuildPhase section */

/* Begin PBXTargetDependency section */
		8B7B7E2720A9B709008A2758 /* PBXTargetDependency */ = {
			isa = PBXTargetDependency;
			target = 8B7B7E1020A9B705008A2758 /* profilePage */;
			targetProxy = 8B7B7E2620A9B709008A2758 /* PBXContainerItemProxy */;
		};
		8B7B7E3220A9B709008A2758 /* PBXTargetDependency */ = {
			isa = PBXTargetDependency;
			target = 8B7B7E1020A9B705008A2758 /* profilePage */;
			targetProxy = 8B7B7E3120A9B709008A2758 /* PBXContainerItemProxy */;
		};
/* End PBXTargetDependency section */

/* Begin PBXVariantGroup section */
		8B7B7E1820A9B705008A2758 /* Main.storyboard */ = {
			isa = PBXVariantGroup;
			children = (
				8B7B7E1920A9B705008A2758 /* Base */,
			);
			name = Main.storyboard;
			sourceTree = "<group>";
		};
		8B7B7E1D20A9B708008A2758 /* LaunchScreen.storyboard */ = {
			isa = PBXVariantGroup;
			children = (
				8B7B7E1E20A9B708008A2758 /* Base */,
			);
			name = LaunchScreen.storyboard;
			sourceTree = "<group>";
		};
/* End PBXVariantGroup section */

/* Begin XCBuildConfiguration section */
		8B7B7E3720A9B709008A2758 /* Debug */ = {
			isa = XCBuildConfiguration;
			buildSettings = {
				ALWAYS_SEARCH_USER_PATHS = NO;
				CLANG_ANALYZER_NONNULL = YES;
				CLANG_ANALYZER_NUMBER_OBJECT_CONVERSION = YES_AGGRESSIVE;
				CLANG_CXX_LANGUAGE_STANDARD = "gnu++14";
				CLANG_CXX_LIBRARY = "libc++";
				CLANG_ENABLE_MODULES = YES;
				CLANG_ENABLE_OBJC_ARC = YES;
				CLANG_ENABLE_OBJC_WEAK = YES;
				CLANG_WARN_BLOCK_CAPTURE_AUTORELEASING = YES;
				CLANG_WARN_BOOL_CONVERSION = YES;
				CLANG_WARN_COMMA = YES;
				CLANG_WARN_CONSTANT_CONVERSION = YES;
				CLANG_WARN_DEPRECATED_OBJC_IMPLEMENTATIONS = YES;
				CLANG_WARN_DIRECT_OBJC_ISA_USAGE = YES_ERROR;
				CLANG_WARN_DOCUMENTATION_COMMENTS = YES;
				CLANG_WARN_EMPTY_BODY = YES;
				CLANG_WARN_ENUM_CONVERSION = YES;
				CLANG_WARN_INFINITE_RECURSION = YES;
				CLANG_WARN_INT_CONVERSION = YES;
				CLANG_WARN_NON_LITERAL_NULL_CONVERSION = YES;
				CLANG_WARN_OBJC_IMPLICIT_RETAIN_SELF = YES;
				CLANG_WARN_OBJC_LITERAL_CONVERSION = YES;
				CLANG_WARN_OBJC_ROOT_CLASS = YES_ERROR;
				CLANG_WARN_RANGE_LOOP_ANALYSIS = YES;
				CLANG_WARN_STRICT_PROTOTYPES = YES;
				CLANG_WARN_SUSPICIOUS_MOVE = YES;
				CLANG_WARN_UNGUARDED_AVAILABILITY = YES_AGGRESSIVE;
				CLANG_WARN_UNREACHABLE_CODE = YES;
				CLANG_WARN__DUPLICATE_METHOD_MATCH = YES;
				CODE_SIGN_IDENTITY = "iPhone Developer";
				COPY_PHASE_STRIP = NO;
				DEBUG_INFORMATION_FORMAT = dwarf;
				ENABLE_STRICT_OBJC_MSGSEND = YES;
				ENABLE_TESTABILITY = YES;
				GCC_C_LANGUAGE_STANDARD = gnu11;
				GCC_DYNAMIC_NO_PIC = NO;
				GCC_NO_COMMON_BLOCKS = YES;
				GCC_OPTIMIZATION_LEVEL = 0;
				GCC_PREPROCESSOR_DEFINITIONS = (
					"DEBUG=1",
					"$(inherited)",
				);
				GCC_WARN_64_TO_32_BIT_CONVERSION = YES;
				GCC_WARN_ABOUT_RETURN_TYPE = YES_ERROR;
				GCC_WARN_UNDECLARED_SELECTOR = YES;
				GCC_WARN_UNINITIALIZED_AUTOS = YES_AGGRESSIVE;
				GCC_WARN_UNUSED_FUNCTION = YES;
				GCC_WARN_UNUSED_VARIABLE = YES;
				IPHONEOS_DEPLOYMENT_TARGET = 11.3;
				MTL_ENABLE_DEBUG_INFO = YES;
				ONLY_ACTIVE_ARCH = YES;
				SDKROOT = iphoneos;
				SWIFT_ACTIVE_COMPILATION_CONDITIONS = DEBUG;
				SWIFT_OPTIMIZATION_LEVEL = "-Onone";
			};
			name = Debug;
		};
		8B7B7E3820A9B709008A2758 /* Release */ = {
			isa = XCBuildConfiguration;
			buildSettings = {
				ALWAYS_SEARCH_USER_PATHS = NO;
				CLANG_ANALYZER_NONNULL = YES;
				CLANG_ANALYZER_NUMBER_OBJECT_CONVERSION = YES_AGGRESSIVE;
				CLANG_CXX_LANGUAGE_STANDARD = "gnu++14";
				CLANG_CXX_LIBRARY = "libc++";
				CLANG_ENABLE_MODULES = YES;
				CLANG_ENABLE_OBJC_ARC = YES;
				CLANG_ENABLE_OBJC_WEAK = YES;
				CLANG_WARN_BLOCK_CAPTURE_AUTORELEASING = YES;
				CLANG_WARN_BOOL_CONVERSION = YES;
				CLANG_WARN_COMMA = YES;
				CLANG_WARN_CONSTANT_CONVERSION = YES;
				CLANG_WARN_DEPRECATED_OBJC_IMPLEMENTATIONS = YES;
				CLANG_WARN_DIRECT_OBJC_ISA_USAGE = YES_ERROR;
				CLANG_WARN_DOCUMENTATION_COMMENTS = YES;
				CLANG_WARN_EMPTY_BODY = YES;
				CLANG_WARN_ENUM_CONVERSION = YES;
				CLANG_WARN_INFINITE_RECURSION = YES;
				CLANG_WARN_INT_CONVERSION = YES;
				CLANG_WARN_NON_LITERAL_NULL_CONVERSION = YES;
				CLANG_WARN_OBJC_IMPLICIT_RETAIN_SELF = YES;
				CLANG_WARN_OBJC_LITERAL_CONVERSION = YES;
				CLANG_WARN_OBJC_ROOT_CLASS = YES_ERROR;
				CLANG_WARN_RANGE_LOOP_ANALYSIS = YES;
				CLANG_WARN_STRICT_PROTOTYPES = YES;
				CLANG_WARN_SUSPICIOUS_MOVE = YES;
				CLANG_WARN_UNGUARDED_AVAILABILITY = YES_AGGRESSIVE;
				CLANG_WARN_UNREACHABLE_CODE = YES;
				CLANG_WARN__DUPLICATE_METHOD_MATCH = YES;
				CODE_SIGN_IDENTITY = "iPhone Developer";
				COPY_PHASE_STRIP = NO;
				DEBUG_INFORMATION_FORMAT = "dwarf-with-dsym";
				ENABLE_NS_ASSERTIONS = NO;
				ENABLE_STRICT_OBJC_MSGSEND = YES;
				GCC_C_LANGUAGE_STANDARD = gnu11;
				GCC_NO_COMMON_BLOCKS = YES;
				GCC_WARN_64_TO_32_BIT_CONVERSION = YES;
				GCC_WARN_ABOUT_RETURN_TYPE = YES_ERROR;
				GCC_WARN_UNDECLARED_SELECTOR = YES;
				GCC_WARN_UNINITIALIZED_AUTOS = YES_AGGRESSIVE;
				GCC_WARN_UNUSED_FUNCTION = YES;
				GCC_WARN_UNUSED_VARIABLE = YES;
				IPHONEOS_DEPLOYMENT_TARGET = 11.3;
				MTL_ENABLE_DEBUG_INFO = NO;
				SDKROOT = iphoneos;
				SWIFT_COMPILATION_MODE = wholemodule;
				SWIFT_OPTIMIZATION_LEVEL = "-O";
				VALIDATE_PRODUCT = YES;
			};
			name = Release;
		};
		8B7B7E3A20A9B709008A2758 /* Debug */ = {
			isa = XCBuildConfiguration;
			buildSettings = {
				ASSETCATALOG_COMPILER_APPICON_NAME = AppIcon;
				CODE_SIGN_STYLE = Automatic;
				DEVELOPMENT_TEAM = UUREU9E4TX;
				INFOPLIST_FILE = profilePage/Info.plist;
				LD_RUNPATH_SEARCH_PATHS = (
					"$(inherited)",
					"@executable_path/Frameworks",
				);
				PRODUCT_BUNDLE_IDENTIFIER = com.senovTech.profilePage;
				PRODUCT_NAME = "$(TARGET_NAME)";
				SWIFT_VERSION = 4.0;
				TARGETED_DEVICE_FAMILY = "1,2";
			};
			name = Debug;
		};
		8B7B7E3B20A9B709008A2758 /* Release */ = {
			isa = XCBuildConfiguration;
			buildSettings = {
				ASSETCATALOG_COMPILER_APPICON_NAME = AppIcon;
				CODE_SIGN_STYLE = Automatic;
				DEVELOPMENT_TEAM = UUREU9E4TX;
				INFOPLIST_FILE = profilePage/Info.plist;
				LD_RUNPATH_SEARCH_PATHS = (
					"$(inherited)",
					"@executable_path/Frameworks",
				);
				PRODUCT_BUNDLE_IDENTIFIER = com.senovTech.profilePage;
				PRODUCT_NAME = "$(TARGET_NAME)";
				SWIFT_VERSION = 4.0;
				TARGETED_DEVICE_FAMILY = "1,2";
			};
			name = Release;
		};
		8B7B7E3D20A9B709008A2758 /* Debug */ = {
			isa = XCBuildConfiguration;
			buildSettings = {
				ALWAYS_EMBED_SWIFT_STANDARD_LIBRARIES = YES;
				BUNDLE_LOADER = "$(TEST_HOST)";
				CODE_SIGN_STYLE = Automatic;
				DEVELOPMENT_TEAM = UUREU9E4TX;
				INFOPLIST_FILE = profilePageTests/Info.plist;
				LD_RUNPATH_SEARCH_PATHS = (
					"$(inherited)",
					"@executable_path/Frameworks",
					"@loader_path/Frameworks",
				);
				PRODUCT_BUNDLE_IDENTIFIER = com.senovTech.profilePageTests;
				PRODUCT_NAME = "$(TARGET_NAME)";
				SWIFT_VERSION = 4.0;
				TARGETED_DEVICE_FAMILY = "1,2";
				TEST_HOST = "$(BUILT_PRODUCTS_DIR)/profilePage.app/profilePage";
			};
			name = Debug;
		};
		8B7B7E3E20A9B709008A2758 /* Release */ = {
			isa = XCBuildConfiguration;
			buildSettings = {
				ALWAYS_EMBED_SWIFT_STANDARD_LIBRARIES = YES;
				BUNDLE_LOADER = "$(TEST_HOST)";
				CODE_SIGN_STYLE = Automatic;
				DEVELOPMENT_TEAM = UUREU9E4TX;
				INFOPLIST_FILE = profilePageTests/Info.plist;
				LD_RUNPATH_SEARCH_PATHS = (
					"$(inherited)",
					"@executable_path/Frameworks",
					"@loader_path/Frameworks",
				);
				PRODUCT_BUNDLE_IDENTIFIER = com.senovTech.profilePageTests;
				PRODUCT_NAME = "$(TARGET_NAME)";
				SWIFT_VERSION = 4.0;
				TARGETED_DEVICE_FAMILY = "1,2";
				TEST_HOST = "$(BUILT_PRODUCTS_DIR)/profilePage.app/profilePage";
			};
			name = Release;
		};
		8B7B7E4020A9B709008A2758 /* Debug */ = {
			isa = XCBuildConfiguration;
			buildSettings = {
				ALWAYS_EMBED_SWIFT_STANDARD_LIBRARIES = YES;
				CODE_SIGN_STYLE = Automatic;
				DEVELOPMENT_TEAM = UUREU9E4TX;
				INFOPLIST_FILE = profilePageUITests/Info.plist;
				LD_RUNPATH_SEARCH_PATHS = (
					"$(inherited)",
					"@executable_path/Frameworks",
					"@loader_path/Frameworks",
				);
				PRODUCT_BUNDLE_IDENTIFIER = com.senovTech.profilePageUITests;
				PRODUCT_NAME = "$(TARGET_NAME)";
				SWIFT_VERSION = 4.0;
				TARGETED_DEVICE_FAMILY = "1,2";
				TEST_TARGET_NAME = profilePage;
			};
			name = Debug;
		};
		8B7B7E4120A9B709008A2758 /* Release */ = {
			isa = XCBuildConfiguration;
			buildSettings = {
				ALWAYS_EMBED_SWIFT_STANDARD_LIBRARIES = YES;
				CODE_SIGN_STYLE = Automatic;
				DEVELOPMENT_TEAM = UUREU9E4TX;
				INFOPLIST_FILE = profilePageUITests/Info.plist;
				LD_RUNPATH_SEARCH_PATHS = (
					"$(inherited)",
					"@executable_path/Frameworks",
					"@loader_path/Frameworks",
				);
				PRODUCT_BUNDLE_IDENTIFIER = com.senovTech.profilePageUITests;
				PRODUCT_NAME = "$(TARGET_NAME)";
				SWIFT_VERSION = 4.0;
				TARGETED_DEVICE_FAMILY = "1,2";
				TEST_TARGET_NAME = profilePage;
			};
			name = Release;
		};
/* End XCBuildConfiguration section */

/* Begin XCConfigurationList section */
		8B7B7E0C20A9B705008A2758 /* Build configuration list for PBXProject "profilePage" */ = {
			isa = XCConfigurationList;
			buildConfigurations = (
				8B7B7E3720A9B709008A2758 /* Debug */,
				8B7B7E3820A9B709008A2758 /* Release */,
			);
			defaultConfigurationIsVisible = 0;
			defaultConfigurationName = Release;
		};
		8B7B7E3920A9B709008A2758 /* Build configuration list for PBXNativeTarget "profilePage" */ = {
			isa = XCConfigurationList;
			buildConfigurations = (
				8B7B7E3A20A9B709008A2758 /* Debug */,
				8B7B7E3B20A9B709008A2758 /* Release */,
			);
			defaultConfigurationIsVisible = 0;
			defaultConfigurationName = Release;
		};
		8B7B7E3C20A9B709008A2758 /* Build configuration list for PBXNativeTarget "profilePageTests" */ = {
			isa = XCConfigurationList;
			buildConfigurations = (
				8B7B7E3D20A9B709008A2758 /* Debug */,
				8B7B7E3E20A9B709008A2758 /* Release */,
			);
			defaultConfigurationIsVisible = 0;
			defaultConfigurationName = Release;
		};
		8B7B7E3F20A9B709008A2758 /* Build configuration list for PBXNativeTarget "profilePageUITests" */ = {
			isa = XCConfigurationList;
			buildConfigurations = (
				8B7B7E4020A9B709008A2758 /* Debug */,
				8B7B7E4120A9B709008A2758 /* Release */,
			);
			defaultConfigurationIsVisible = 0;
			defaultConfigurationName = Release;
		};
/* End XCConfigurationList section */
	};
	rootObject = 8B7B7E0920A9B705008A2758 /* Project object */;
}
